<?xml version="1.0" encoding="utf-8"?>
<Project ToolsVersion="16.0" xmlns="http://schemas.microsoft.com/developer/msbuild/2003">
  <ItemGroup>
    <ClCompile Include="D:\BELAJAR\C++\facial_recognition\src\main.cpp">
      <Filter>Source Files</Filter>
    </ClCompile>
    <ClCompile Include="D:\BELAJAR\C++\facial_recognition\src\cnn.cpp">
      <Filter>Source Files</Filter>
    </ClCompile>
    <ClCompile Include="D:\BELAJAR\C++\facial_recognition\src\core.cpp">
      <Filter>Source Files</Filter>
    </ClCompile>
    <ClCompile Include="D:\BELAJAR\C++\facial_recognition\src\detect_and_display.cpp">
      <Filter>Source Files</Filter>
    </ClCompile>
    <ClCompile Include="D:\BELAJAR\C++\facial_recognition\src\detector.cpp">
      <Filter>Source Files</Filter>
    </ClCompile>
    <ClCompile Include="D:\BELAJAR\C++\facial_recognition\src\distance.cpp">
      <Filter>Source Files</Filter>
    </ClCompile>
    <ClCompile Include="D:\BELAJAR\C++\facial_recognition\src\haar_cascade_detector.cpp">
      <Filter>Source Files</Filter>
    </ClCompile>
    <ClCompile Include="D:\BELAJAR\C++\facial_recognition\src\kuhn_munkres.cpp">
      <Filter>Source Files</Filter>
    </ClCompile>
    <ClCompile Include="D:\BELAJAR\C++\facial_recognition\src\tracker.cpp">
      <Filter>Source Files</Filter>
    </ClCompile>
    <ClCompile Include="D:\BELAJAR\C++\facial_recognition\src\utils.cpp">
      <Filter>Source Files</Filter>
    </ClCompile>
  </ItemGroup>
  <ItemGroup>
    <ClInclude Include="D:\BELAJAR\C++\facial_recognition\include\cnn.hpp">
      <Filter>Header Files</Filter>
    </ClInclude>
    <ClInclude Include="D:\BELAJAR\C++\facial_recognition\include\cnn_config.hpp">
      <Filter>Header Files</Filter>
    </ClInclude>
    <ClInclude Include="D:\BELAJAR\C++\facial_recognition\include\common.hpp">
      <Filter>Header Files</Filter>
    </ClInclude>
    <ClInclude Include="D:\BELAJAR\C++\facial_recognition\include\core.hpp">
      <Filter>Header Files</Filter>
    </ClInclude>
    <ClInclude Include="D:\BELAJAR\C++\facial_recognition\include\detector.hpp">
      <Filter>Header Files</Filter>
    </ClInclude>
    <ClInclude Include="D:\BELAJAR\C++\facial_recognition\include\distance.hpp">
      <Filter>Header Files</Filter>
    </ClInclude>
    <ClInclude Include="D:\BELAJAR\C++\facial_recognition\include\face_processor.hpp">
      <Filter>Header Files</Filter>
    </ClInclude>
    <ClInclude Include="D:\BELAJAR\C++\facial_recognition\include\haar_cascade_detector.hpp">
      <Filter>Header Files</Filter>
    </ClInclude>
    <ClInclude Include="D:\BELAJAR\C++\facial_recognition\include\kuhn_munkres.hpp">
      <Filter>Header Files</Filter>
    </ClInclude>
    <ClInclude Include="D:\BELAJAR\C++\facial_recognition\include\mode.hpp">
      <Filter>Header Files</Filter>
    </ClInclude>
    <ClInclude Include="D:\BELAJAR\C++\facial_recognition\include\ocv_common.hpp">
      <Filter>Header Files</Filter>
    </ClInclude>
    <ClInclude Include="D:\BELAJAR\C++\facial_recognition\include\tracker.hpp">
      <Filter>Header Files</Filter>
    </ClInclude>
    <ClInclude Include="D:\BELAJAR\C++\facial_recognition\include\utils.hpp">
      <Filter>Header Files</Filter>
    </ClInclude>
  </ItemGroup>
  <ItemGroup>
    <CustomBuild Include="D:\BELAJAR\C++\facial_recognition\CMakeLists.txt" />
  </ItemGroup>
  <ItemGroup>
    <Filter Include="Header Files">
      <UniqueIdentifier>{1D7E3C21-4CF8-3F3D-99AB-8FE3ECD4DD8D}</UniqueIdentifier>
    </Filter>
    <Filter Include="Source Files">
      <UniqueIdentifier>{03582C58-A579-3BAD-BB6B-6DBE99FC7400}</UniqueIdentifier>
    </Filter>
  </ItemGroup>
</Project>
